{
    "_readme": [
        "This file locks the dependencies of your project to a known state",
        "Read more about it at https://getcomposer.org/doc/01-basic-usage.md#installing-dependencies",
        "This file is @generated automatically"
    ],
    "content-hash": "788305b959d8f8aa4e0ddf5b2265a3a5",
    "packages": [
        {
            "name": "drbiko/php-qr-code",
            "version": "1.0.0",
            "source": {
                "type": "git",
                "url": "https://github.com/drbiko/php-qr-code.git",
                "reference": "d3517112d2ce1b85e484c3c6c37443b7c5e3da9f"
            },
            "dist": {
                "type": "zip",
                "url": "https://api.github.com/repos/drbiko/php-qr-code/zipball/d3517112d2ce1b85e484c3c6c37443b7c5e3da9f",
                "reference": "d3517112d2ce1b85e484c3c6c37443b7c5e3da9f",
                "shasum": ""
            },
            "type": "library",
            "autoload": {
                "files": [
                    "src/qrconst.php",
                    "src/qrconfig.php",
                    "src/qrtools.php",
                    "src/qrspec.php",
                    "src/qrimage.php",
                    "src/qrinput.php",
                    "src/qrbitstream.php",
                    "src/qrsplit.php",
                    "src/qrrscode.php",
                    "src/qrmask.php",
                    "src/qrencode.php",
                    "src/qrarea.php",
                    "src/qrcanvas.php",
                    "src/qrsvg.php"
                ],
                "psr-0": []
            },
            "notification-url": "https://packagist.org/downloads/",
            "description": "PHP QR Code Generator compatible with PHP 7.0",
            "support": {
                "issues": "https://github.com/drbiko/php-qr-code/issues",
                "source": "https://github.com/drbiko/php-qr-code/tree/master"
            },
            "time": "2019-09-13T20:30:01+00:00"
        }
    ],
    "packages-dev": [],
    "aliases": [],
    "minimum-stability": "stable",
    "stability-flags": [],
    "prefer-stable": false,
    "prefer-lowest": false,
    "platform": [],
    "platform-dev": [],
    "plugin-api-version": "2.2.0"
}
